
Microsoft Visual Studio Solution File, Format Version 12.00
# Visual Studio 14
VisualStudioVersion = 14.0.25123.0
MinimumVisualStudioVersion = 10.0.40219.1
Project("{FAE04EC0-301F-11D3-BF4B-00C04F79EFBC}") = "Mini Cube", "MiniCube\Mini Cube.csproj", "{BD1BCCC6-6A30-4017-A7FD-A088B3003412}"
EndProject
Project("{2150E333-8FDC-42A3-9474-1A3956D46DE8}") = "360player", "360player", "{EC3F36B7-15CB-4A8F-A48C-D0376B391FAA}"
EndProject
Project("{E24C65DC-7377-472B-9ABA-BC803B73C61A}") = "360player", "MiniCube\360player\", "{1F62FA21-1520-4D5E-BCEA-3521CA36D449}"
	ProjectSection(WebsiteProperties) = preProject
		TargetFrameworkMoniker = ".NETFramework,Version%3Dv4.0"
		Debug.AspNetCompiler.VirtualPath = "/localhost_58489"
		Debug.AspNetCompiler.PhysicalPath = "MiniCube\360player\"
		Debug.AspNetCompiler.TargetPath = "PrecompiledWeb\localhost_58489\"
		Debug.AspNetCompiler.Updateable = "true"
		Debug.AspNetCompiler.ForceOverwrite = "true"
		Debug.AspNetCompiler.FixedNames = "false"
		Debug.AspNetCompiler.Debug = "True"
		Release.AspNetCompiler.VirtualPath = "/localhost_58489"
		Release.AspNetCompiler.PhysicalPath = "MiniCube\360player\"
		Release.AspNetCompiler.TargetPath = "PrecompiledWeb\localhost_58489\"
		Release.AspNetCompiler.Updateable = "true"
		Release.AspNetCompiler.ForceOverwrite = "true"
		Release.AspNetCompiler.FixedNames = "false"
		Release.AspNetCompiler.Debug = "False"
		VWDPort = "58489"
		SlnRelativePath = "MiniCube\360player\"
	EndProjectSection
EndProject
Global
	GlobalSection(SolutionConfigurationPlatforms) = preSolution
		Debug|Any CPU = Debug|Any CPU
		Debug|x86 = Debug|x86
		Release|Any CPU = Release|Any CPU
		Release|x86 = Release|x86
	EndGlobalSection
	GlobalSection(ProjectConfigurationPlatforms) = postSolution
		{BD1BCCC6-6A30-4017-A7FD-A088B3003412}.Debug|Any CPU.ActiveCfg = Debug|x86
		{BD1BCCC6-6A30-4017-A7FD-A088B3003412}.Debug|Any CPU.Build.0 = Debug|x86
		{BD1BCCC6-6A30-4017-A7FD-A088B3003412}.Debug|Any CPU.Deploy.0 = Debug|x86
		{BD1BCCC6-6A30-4017-A7FD-A088B3003412}.Debug|x86.ActiveCfg = Debug|x86
		{BD1BCCC6-6A30-4017-A7FD-A088B3003412}.Debug|x86.Build.0 = Debug|x86
		{BD1BCCC6-6A30-4017-A7FD-A088B3003412}.Release|Any CPU.ActiveCfg = Release|x86
		{BD1BCCC6-6A30-4017-A7FD-A088B3003412}.Release|x86.ActiveCfg = Release|x86
		{BD1BCCC6-6A30-4017-A7FD-A088B3003412}.Release|x86.Build.0 = Release|x86
		{1F62FA21-1520-4D5E-BCEA-3521CA36D449}.Debug|Any CPU.ActiveCfg = Debug|Any CPU
		{1F62FA21-1520-4D5E-BCEA-3521CA36D449}.Debug|Any CPU.Build.0 = Debug|Any CPU
		{1F62FA21-1520-4D5E-BCEA-3521CA36D449}.Debug|x86.ActiveCfg = Debug|Any CPU
		{1F62FA21-1520-4D5E-BCEA-3521CA36D449}.Debug|x86.Build.0 = Debug|Any CPU
		{1F62FA21-1520-4D5E-BCEA-3521CA36D449}.Release|Any CPU.ActiveCfg = Debug|Any CPU
		{1F62FA21-1520-4D5E-BCEA-3521CA36D449}.Release|Any CPU.Build.0 = Debug|Any CPU
		{1F62FA21-1520-4D5E-BCEA-3521CA36D449}.Release|x86.ActiveCfg = Debug|Any CPU
		{1F62FA21-1520-4D5E-BCEA-3521CA36D449}.Release|x86.Build.0 = Debug|Any CPU
	EndGlobalSection
	GlobalSection(SolutionProperties) = preSolution
		HideSolutionNode = FALSE
	EndGlobalSection
	GlobalSection(NestedProjects) = preSolution
		{1F62FA21-1520-4D5E-BCEA-3521CA36D449} = {EC3F36B7-15CB-4A8F-A48C-D0376B391FAA}
	EndGlobalSection
EndGlobal
